
Microsoft Visual Studio Solution File, Format Version 12.00
# Visual Studio 15
Project("{FAE04EC0-301F-11D3-BF4B-00C04F79EFBC}") = "Ink-Libraries", "Ink-Libraries.csproj", "{7E15FD92-643A-4BEF-D00E-A956FB89F13B}"
EndProject
Project("{FAE04EC0-301F-11D3-BF4B-00C04F79EFBC}") = "Assembly-CSharp", "Assembly-CSharp.csproj", "{4E4D3D7C-7A47-4FB8-9CED-20C5E0497815}"
EndProject
Project("{FAE04EC0-301F-11D3-BF4B-00C04F79EFBC}") = "InkEditor", "InkEditor.csproj", "{C85D9E4B-339C-2299-EB82-29677E930567}"
EndProject
Project("{FAE04EC0-301F-11D3-BF4B-00C04F79EFBC}") = "Assembly-CSharp-Editor", "Assembly-CSharp-Editor.csproj", "{8BEBEC30-8EFE-8A30-6B1C-6A12CB42B73B}"
EndProject
Global
	GlobalSection(SolutionConfigurationPlatforms) = preSolution
		Debug|Any CPU = Debug|Any CPU
		Release|Any CPU = Release|Any CPU
	EndGlobalSection
	GlobalSection(ProjectConfigurationPlatforms) = postSolution
		{7E15FD92-643A-4BEF-D00E-A956FB89F13B}.Debug|Any CPU.ActiveCfg = Debug|Any CPU
		{7E15FD92-643A-4BEF-D00E-A956FB89F13B}.Debug|Any CPU.Build.0 = Debug|Any CPU
		{7E15FD92-643A-4BEF-D00E-A956FB89F13B}.Release|Any CPU.ActiveCfg = Release|Any CPU
		{7E15FD92-643A-4BEF-D00E-A956FB89F13B}.Release|Any CPU.Build.0 = Release|Any CPU
		{4E4D3D7C-7A47-4FB8-9CED-20C5E0497815}.Debug|Any CPU.ActiveCfg = Debug|Any CPU
		{4E4D3D7C-7A47-4FB8-9CED-20C5E0497815}.Debug|Any CPU.Build.0 = Debug|Any CPU
		{4E4D3D7C-7A47-4FB8-9CED-20C5E0497815}.Release|Any CPU.ActiveCfg = Release|Any CPU
		{4E4D3D7C-7A47-4FB8-9CED-20C5E0497815}.Release|Any CPU.Build.0 = Release|Any CPU
		{C85D9E4B-339C-2299-EB82-29677E930567}.Debug|Any CPU.ActiveCfg = Debug|Any CPU
		{C85D9E4B-339C-2299-EB82-29677E930567}.Debug|Any CPU.Build.0 = Debug|Any CPU
		{C85D9E4B-339C-2299-EB82-29677E930567}.Release|Any CPU.ActiveCfg = Release|Any CPU
		{C85D9E4B-339C-2299-EB82-29677E930567}.Release|Any CPU.Build.0 = Release|Any CPU
		{8BEBEC30-8EFE-8A30-6B1C-6A12CB42B73B}.Debug|Any CPU.ActiveCfg = Debug|Any CPU
		{8BEBEC30-8EFE-8A30-6B1C-6A12CB42B73B}.Debug|Any CPU.Build.0 = Debug|Any CPU
		{8BEBEC30-8EFE-8A30-6B1C-6A12CB42B73B}.Release|Any CPU.ActiveCfg = Release|Any CPU
		{8BEBEC30-8EFE-8A30-6B1C-6A12CB42B73B}.Release|Any CPU.Build.0 = Release|Any CPU
	EndGlobalSection
	GlobalSection(SolutionProperties) = preSolution
		HideSolutionNode = FALSE
	EndGlobalSection
EndGlobal
